
Microsoft Visual Studio Solution File, Format Version 12.00
# Visual Studio 2013
VisualStudioVersion = 12.0.21005.1
MinimumVisualStudioVersion = 10.0.40219.1
Project("{FAE04EC0-301F-11D3-BF4B-00C04F79EFBC}") = "Dota2StatsApp", "Dota2StatsApp.csproj", "{DEDE3432-0897-48C6-ADA8-9CCA446DD630}"
EndProject
Global
	GlobalSection(SolutionConfigurationPlatforms) = preSolution
		Debug|Any CPU = Debug|Any CPU
		Release|Any CPU = Release|Any CPU
	EndGlobalSection
	GlobalSection(ProjectConfigurationPlatforms) = postSolution
		{DEDE3432-0897-48C6-ADA8-9CCA446DD630}.Debug|Any CPU.ActiveCfg = Debug|Any CPU
		{DEDE3432-0897-48C6-ADA8-9CCA446DD630}.Debug|Any CPU.Build.0 = Debug|Any CPU
		{DEDE3432-0897-48C6-ADA8-9CCA446DD630}.Release|Any CPU.ActiveCfg = Release|Any CPU
		{DEDE3432-0897-48C6-ADA8-9CCA446DD630}.Release|Any CPU.Build.0 = Release|Any CPU
	EndGlobalSection
	GlobalSection(SolutionProperties) = preSolution
		HideSolutionNode = FALSE
	EndGlobalSection
EndGlobal
